// !$*UTF8*$!
{
	archiveVersion = 1;
	classes = {
	};
	objectVersion = 56;
	objects = {

/* Begin PBXBuildFile section */
		27364E202BC81C12008168B9 /* main.swift in Sources */ = {isa = PBXBuildFile; fileRef = 27364E1F2BC81C12008168B9 /* main.swift */; };
		27364E272BC81CE0008168B9 /* comments.swift in Sources */ = {isa = PBXBuildFile; fileRef = 27364E262BC81CDF008168B9 /* comments.swift */; };
		273E58CD2C3A24C6001F7582 /* protocols.swift in Sources */ = {isa = PBXBuildFile; fileRef = 273E58CC2C3A24C6001F7582 /* protocols.swift */; };
		273E58CF2C3B8300001F7582 /* generics.swift in Sources */ = {isa = PBXBuildFile; fileRef = 273E58CE2C3B8300001F7582 /* generics.swift */; };
		2769B62A2C0C0B6F0076A60A /* tuples.swift in Sources */ = {isa = PBXBuildFile; fileRef = 2769B6292C0C0B6F0076A60A /* tuples.swift */; };
		277594302C3E2AF2002B91B5 /* opaque-collections.swift in Sources */ = {isa = PBXBuildFile; fileRef = 2775942F2C3E2AF2002B91B5 /* opaque-collections.swift */; };
		277C9AB82BD6AD1E00CB6452 /* typealiases.swift in Sources */ = {isa = PBXBuildFile; fileRef = 277C9AB72BD6AD1E00CB6452 /* typealiases.swift */; };
		277C9ABA2BD6AE6800CB6452 /* booleans.swift in Sources */ = {isa = PBXBuildFile; fileRef = 277C9AB92BD6AE6800CB6452 /* booleans.swift */; };
		278CA2F32BFDBD5100F52573 /* optionals.swift in Sources */ = {isa = PBXBuildFile; fileRef = 278CA2F22BFDBD5100F52573 /* optionals.swift */; };
		278ECDD92C12C074005D5469 /* operators.swift in Sources */ = {isa = PBXBuildFile; fileRef = 278ECDD82C12C074005D5469 /* operators.swift */; };
		278ECDDB2C15C182005D5469 /* control-flow.swift in Sources */ = {isa = PBXBuildFile; fileRef = 278ECDDA2C15C182005D5469 /* control-flow.swift */; };
		278ECDDD2C17CD31005D5469 /* functions.swift in Sources */ = {isa = PBXBuildFile; fileRef = 278ECDDC2C17CD31005D5469 /* functions.swift */; };
		279926C12BDDD6DA006869D4 /* strings.swift in Sources */ = {isa = PBXBuildFile; fileRef = 279926C02BDDD6DA006869D4 /* strings.swift */; };
		27B61F2C2BD33BCE00081C3E /* numbers.swift in Sources */ = {isa = PBXBuildFile; fileRef = 27B61F2B2BD33BCE00081C3E /* numbers.swift */; };
		27D572BE2C1E73940072AD74 /* classes-and-structures.swift in Sources */ = {isa = PBXBuildFile; fileRef = 27D572BD2C1E73940072AD74 /* classes-and-structures.swift */; };
		27E6C78A2BCA05D6006B81F6 /* constants.swift in Sources */ = {isa = PBXBuildFile; fileRef = 27E6C7892BCA05D6006B81F6 /* constants.swift */; };
		27E6C78C2BCAB46D006B81F6 /* print.swift in Sources */ = {isa = PBXBuildFile; fileRef = 27E6C78B2BCAB46D006B81F6 /* print.swift */; };
		27EDC8202C0ECF6E00C05682 /* exceptions.swift in Sources */ = {isa = PBXBuildFile; fileRef = 27EDC81F2C0ECF6E00C05682 /* exceptions.swift */; };
		27FA38572BD123D8005F28E4 /* variables.swift in Sources */ = {isa = PBXBuildFile; fileRef = 27FA38562BD123D8005F28E4 /* variables.swift */; };
		27FA79942C1AC51300304C64 /* enumerations.swift in Sources */ = {isa = PBXBuildFile; fileRef = 27FA79932C1AC51300304C64 /* enumerations.swift */; };
		27FFD3402C10728000988832 /* assertions-and-preconditions.swift in Sources */ = {isa = PBXBuildFile; fileRef = 27FFD33F2C10728000988832 /* assertions-and-preconditions.swift */; };
/* End PBXBuildFile section */

/* Begin PBXCopyFilesBuildPhase section */
		27364E1A2BC81C12008168B9 /* CopyFiles */ = {
			isa = PBXCopyFilesBuildPhase;
			buildActionMask = 2147483647;
			dstPath = /usr/share/man/man1/;
			dstSubfolderSpec = 0;
			files = (
			);
			runOnlyForDeploymentPostprocessing = 1;
		};
/* End PBXCopyFilesBuildPhase section */

/* Begin PBXFileReference section */
		27364E1C2BC81C12008168B9 /* basics */ = {isa = PBXFileReference; explicitFileType = "compiled.mach-o.executable"; includeInIndex = 0; path = basics; sourceTree = BUILT_PRODUCTS_DIR; };
		27364E1F2BC81C12008168B9 /* main.swift */ = {isa = PBXFileReference; lastKnownFileType = sourcecode.swift; path = main.swift; sourceTree = "<group>"; };
		27364E262BC81CDF008168B9 /* comments.swift */ = {isa = PBXFileReference; fileEncoding = 4; lastKnownFileType = sourcecode.swift; path = comments.swift; sourceTree = "<group>"; };
		273E58CC2C3A24C6001F7582 /* protocols.swift */ = {isa = PBXFileReference; lastKnownFileType = sourcecode.swift; path = protocols.swift; sourceTree = "<group>"; };
		273E58CE2C3B8300001F7582 /* generics.swift */ = {isa = PBXFileReference; lastKnownFileType = sourcecode.swift; path = generics.swift; sourceTree = "<group>"; };
		2769B6292C0C0B6F0076A60A /* tuples.swift */ = {isa = PBXFileReference; lastKnownFileType = sourcecode.swift; path = tuples.swift; sourceTree = "<group>"; };
		2775942F2C3E2AF2002B91B5 /* opaque-collections.swift */ = {isa = PBXFileReference; lastKnownFileType = sourcecode.swift; path = "opaque-collections.swift"; sourceTree = "<group>"; };
		277C9AB72BD6AD1E00CB6452 /* typealiases.swift */ = {isa = PBXFileReference; lastKnownFileType = sourcecode.swift; path = typealiases.swift; sourceTree = "<group>"; };
		277C9AB92BD6AE6800CB6452 /* booleans.swift */ = {isa = PBXFileReference; lastKnownFileType = sourcecode.swift; path = booleans.swift; sourceTree = "<group>"; };
		278CA2F22BFDBD5100F52573 /* optionals.swift */ = {isa = PBXFileReference; lastKnownFileType = sourcecode.swift; path = optionals.swift; sourceTree = "<group>"; };
		278ECDD82C12C074005D5469 /* operators.swift */ = {isa = PBXFileReference; lastKnownFileType = sourcecode.swift; path = operators.swift; sourceTree = "<group>"; };
		278ECDDA2C15C182005D5469 /* control-flow.swift */ = {isa = PBXFileReference; fileEncoding = 4; lastKnownFileType = sourcecode.swift; path = "control-flow.swift"; sourceTree = "<group>"; };
		278ECDDC2C17CD31005D5469 /* functions.swift */ = {isa = PBXFileReference; lastKnownFileType = sourcecode.swift; path = functions.swift; sourceTree = "<group>"; };
		279926C02BDDD6DA006869D4 /* strings.swift */ = {isa = PBXFileReference; lastKnownFileType = sourcecode.swift; path = strings.swift; sourceTree = "<group>"; };
		27B61F2B2BD33BCE00081C3E /* numbers.swift */ = {isa = PBXFileReference; lastKnownFileType = sourcecode.swift; path = numbers.swift; sourceTree = "<group>"; };
		27D572BD2C1E73940072AD74 /* classes-and-structures.swift */ = {isa = PBXFileReference; lastKnownFileType = sourcecode.swift; path = "classes-and-structures.swift"; sourceTree = "<group>"; };
		27E6C7892BCA05D6006B81F6 /* constants.swift */ = {isa = PBXFileReference; fileEncoding = 4; lastKnownFileType = sourcecode.swift; path = constants.swift; sourceTree = "<group>"; };
		27E6C78B2BCAB46D006B81F6 /* print.swift */ = {isa = PBXFileReference; fileEncoding = 4; lastKnownFileType = sourcecode.swift; path = print.swift; sourceTree = "<group>"; };
		27EDC81F2C0ECF6E00C05682 /* exceptions.swift */ = {isa = PBXFileReference; lastKnownFileType = sourcecode.swift; path = exceptions.swift; sourceTree = "<group>"; };
		27FA38562BD123D8005F28E4 /* variables.swift */ = {isa = PBXFileReference; lastKnownFileType = sourcecode.swift; path = variables.swift; sourceTree = "<group>"; };
		27FA79932C1AC51300304C64 /* enumerations.swift */ = {isa = PBXFileReference; lastKnownFileType = sourcecode.swift; path = enumerations.swift; sourceTree = "<group>"; };
		27FFD33F2C10728000988832 /* assertions-and-preconditions.swift */ = {isa = PBXFileReference; lastKnownFileType = sourcecode.swift; path = "assertions-and-preconditions.swift"; sourceTree = "<group>"; };
/* End PBXFileReference section */

/* Begin PBXFrameworksBuildPhase section */
		27364E192BC81C12008168B9 /* Frameworks */ = {
			isa = PBXFrameworksBuildPhase;
			buildActionMask = 2147483647;
			files = (
			);
			runOnlyForDeploymentPostprocessing = 0;
		};
/* End PBXFrameworksBuildPhase section */

/* Begin PBXGroup section */
		27364E132BC81C12008168B9 = {
			isa = PBXGroup;
			children = (
				27364E1E2BC81C12008168B9 /* basics */,
				27364E1D2BC81C12008168B9 /* Products */,
			);
			sourceTree = "<group>";
		};
		27364E1D2BC81C12008168B9 /* Products */ = {
			isa = PBXGroup;
			children = (
				27364E1C2BC81C12008168B9 /* basics */,
			);
			name = Products;
			sourceTree = "<group>";
		};
		27364E1E2BC81C12008168B9 /* basics */ = {
			isa = PBXGroup;
			children = (
				278ECDDA2C15C182005D5469 /* control-flow.swift */,
				27E6C78B2BCAB46D006B81F6 /* print.swift */,
				27E6C7892BCA05D6006B81F6 /* constants.swift */,
				27364E262BC81CDF008168B9 /* comments.swift */,
				27364E1F2BC81C12008168B9 /* main.swift */,
				27FA38562BD123D8005F28E4 /* variables.swift */,
				27B61F2B2BD33BCE00081C3E /* numbers.swift */,
				277C9AB72BD6AD1E00CB6452 /* typealiases.swift */,
				277C9AB92BD6AE6800CB6452 /* booleans.swift */,
				279926C02BDDD6DA006869D4 /* strings.swift */,
				278CA2F22BFDBD5100F52573 /* optionals.swift */,
				2769B6292C0C0B6F0076A60A /* tuples.swift */,
				27EDC81F2C0ECF6E00C05682 /* exceptions.swift */,
				27FFD33F2C10728000988832 /* assertions-and-preconditions.swift */,
				278ECDD82C12C074005D5469 /* operators.swift */,
				278ECDDC2C17CD31005D5469 /* functions.swift */,
				27FA79932C1AC51300304C64 /* enumerations.swift */,
				27D572BD2C1E73940072AD74 /* classes-and-structures.swift */,
				273E58CC2C3A24C6001F7582 /* protocols.swift */,
				273E58CE2C3B8300001F7582 /* generics.swift */,
				2775942F2C3E2AF2002B91B5 /* opaque-collections.swift */,
			);
			path = basics;
			sourceTree = "<group>";
		};
/* End PBXGroup section */

/* Begin PBXNativeTarget section */
		27364E1B2BC81C12008168B9 /* basics */ = {
			isa = PBXNativeTarget;
			buildConfigurationList = 27364E232BC81C12008168B9 /* Build configuration list for PBXNativeTarget "basics" */;
			buildPhases = (
				27364E182BC81C12008168B9 /* Sources */,
				27364E192BC81C12008168B9 /* Frameworks */,
				27364E1A2BC81C12008168B9 /* CopyFiles */,
			);
			buildRules = (
			);
			dependencies = (
			);
			name = basics;
			productName = basics;
			productReference = 27364E1C2BC81C12008168B9 /* basics */;
			productType = "com.apple.product-type.tool";
		};
/* End PBXNativeTarget section */

/* Begin PBXProject section */
		27364E142BC81C12008168B9 /* Project object */ = {
			isa = PBXProject;
			attributes = {
				BuildIndependentTargetsInParallel = 1;
				LastSwiftUpdateCheck = 1530;
				LastUpgradeCheck = 1540;
				TargetAttributes = {
					27364E1B2BC81C12008168B9 = {
						CreatedOnToolsVersion = 15.3;
					};
				};
			};
			buildConfigurationList = 27364E172BC81C12008168B9 /* Build configuration list for PBXProject "basics" */;
			compatibilityVersion = "Xcode 14.0";
			developmentRegion = en;
			hasScannedForEncodings = 0;
			knownRegions = (
				en,
				Base,
			);
			mainGroup = 27364E132BC81C12008168B9;
			productRefGroup = 27364E1D2BC81C12008168B9 /* Products */;
			projectDirPath = "";
			projectRoot = "";
			targets = (
				27364E1B2BC81C12008168B9 /* basics */,
			);
		};
/* End PBXProject section */

/* Begin PBXSourcesBuildPhase section */
		27364E182BC81C12008168B9 /* Sources */ = {
			isa = PBXSourcesBuildPhase;
			buildActionMask = 2147483647;
			files = (
				27B61F2C2BD33BCE00081C3E /* numbers.swift in Sources */,
				277594302C3E2AF2002B91B5 /* opaque-collections.swift in Sources */,
				278ECDD92C12C074005D5469 /* operators.swift in Sources */,
				27FFD3402C10728000988832 /* assertions-and-preconditions.swift in Sources */,
				278ECDDD2C17CD31005D5469 /* functions.swift in Sources */,
				27364E202BC81C12008168B9 /* main.swift in Sources */,
				27364E272BC81CE0008168B9 /* comments.swift in Sources */,
				278CA2F32BFDBD5100F52573 /* optionals.swift in Sources */,
				273E58CD2C3A24C6001F7582 /* protocols.swift in Sources */,
				27E6C78A2BCA05D6006B81F6 /* constants.swift in Sources */,
				27EDC8202C0ECF6E00C05682 /* exceptions.swift in Sources */,
				2769B62A2C0C0B6F0076A60A /* tuples.swift in Sources */,
				277C9ABA2BD6AE6800CB6452 /* booleans.swift in Sources */,
				278ECDDB2C15C182005D5469 /* control-flow.swift in Sources */,
				27D572BE2C1E73940072AD74 /* classes-and-structures.swift in Sources */,
				279926C12BDDD6DA006869D4 /* strings.swift in Sources */,
				277C9AB82BD6AD1E00CB6452 /* typealiases.swift in Sources */,
				27FA38572BD123D8005F28E4 /* variables.swift in Sources */,
				273E58CF2C3B8300001F7582 /* generics.swift in Sources */,
				27E6C78C2BCAB46D006B81F6 /* print.swift in Sources */,
				27FA79942C1AC51300304C64 /* enumerations.swift in Sources */,
			);
			runOnlyForDeploymentPostprocessing = 0;
		};
/* End PBXSourcesBuildPhase section */

/* Begin XCBuildConfiguration section */
		27364E212BC81C12008168B9 /* Debug */ = {
			isa = XCBuildConfiguration;
			buildSettings = {
				ALWAYS_SEARCH_USER_PATHS = NO;
				ASSETCATALOG_COMPILER_GENERATE_SWIFT_ASSET_SYMBOL_EXTENSIONS = YES;
				CLANG_ANALYZER_NONNULL = YES;
				CLANG_ANALYZER_NUMBER_OBJECT_CONVERSION = YES_AGGRESSIVE;
				CLANG_CXX_LANGUAGE_STANDARD = "gnu++20";
				CLANG_ENABLE_MODULES = YES;
				CLANG_ENABLE_OBJC_ARC = YES;
				CLANG_ENABLE_OBJC_WEAK = YES;
				CLANG_WARN_BLOCK_CAPTURE_AUTORELEASING = YES;
				CLANG_WARN_BOOL_CONVERSION = YES;
				CLANG_WARN_COMMA = YES;
				CLANG_WARN_CONSTANT_CONVERSION = YES;
				CLANG_WARN_DEPRECATED_OBJC_IMPLEMENTATIONS = YES;
				CLANG_WARN_DIRECT_OBJC_ISA_USAGE = YES_ERROR;
				CLANG_WARN_DOCUMENTATION_COMMENTS = YES;
				CLANG_WARN_EMPTY_BODY = YES;
				CLANG_WARN_ENUM_CONVERSION = YES;
				CLANG_WARN_INFINITE_RECURSION = YES;
				CLANG_WARN_INT_CONVERSION = YES;
				CLANG_WARN_NON_LITERAL_NULL_CONVERSION = YES;
				CLANG_WARN_OBJC_IMPLICIT_RETAIN_SELF = YES;
				CLANG_WARN_OBJC_LITERAL_CONVERSION = YES;
				CLANG_WARN_OBJC_ROOT_CLASS = YES_ERROR;
				CLANG_WARN_QUOTED_INCLUDE_IN_FRAMEWORK_HEADER = YES;
				CLANG_WARN_RANGE_LOOP_ANALYSIS = YES;
				CLANG_WARN_STRICT_PROTOTYPES = YES;
				CLANG_WARN_SUSPICIOUS_MOVE = YES;
				CLANG_WARN_UNGUARDED_AVAILABILITY = YES_AGGRESSIVE;
				CLANG_WARN_UNREACHABLE_CODE = YES;
				CLANG_WARN__DUPLICATE_METHOD_MATCH = YES;
				COPY_PHASE_STRIP = NO;
				DEAD_CODE_STRIPPING = YES;
				DEBUG_INFORMATION_FORMAT = dwarf;
				ENABLE_STRICT_OBJC_MSGSEND = YES;
				ENABLE_TESTABILITY = YES;
				ENABLE_USER_SCRIPT_SANDBOXING = YES;
				GCC_C_LANGUAGE_STANDARD = gnu17;
				GCC_DYNAMIC_NO_PIC = NO;
				GCC_NO_COMMON_BLOCKS = YES;
				GCC_OPTIMIZATION_LEVEL = 0;
				GCC_PREPROCESSOR_DEFINITIONS = (
					"DEBUG=1",
					"$(inherited)",
				);
				GCC_WARN_64_TO_32_BIT_CONVERSION = YES;
				GCC_WARN_ABOUT_RETURN_TYPE = YES_ERROR;
				GCC_WARN_UNDECLARED_SELECTOR = YES;
				GCC_WARN_UNINITIALIZED_AUTOS = YES_AGGRESSIVE;
				GCC_WARN_UNUSED_FUNCTION = YES;
				GCC_WARN_UNUSED_VARIABLE = YES;
				LOCALIZATION_PREFERS_STRING_CATALOGS = YES;
				MACOSX_DEPLOYMENT_TARGET = 14.4;
				MTL_ENABLE_DEBUG_INFO = INCLUDE_SOURCE;
				MTL_FAST_MATH = YES;
				ONLY_ACTIVE_ARCH = YES;
				SDKROOT = macosx;
				SWIFT_ACTIVE_COMPILATION_CONDITIONS = "DEBUG $(inherited)";
				SWIFT_OPTIMIZATION_LEVEL = "-Onone";
			};
			name = Debug;
		};
		27364E222BC81C12008168B9 /* Release */ = {
			isa = XCBuildConfiguration;
			buildSettings = {
				ALWAYS_SEARCH_USER_PATHS = NO;
				ASSETCATALOG_COMPILER_GENERATE_SWIFT_ASSET_SYMBOL_EXTENSIONS = YES;
				CLANG_ANALYZER_NONNULL = YES;
				CLANG_ANALYZER_NUMBER_OBJECT_CONVERSION = YES_AGGRESSIVE;
				CLANG_CXX_LANGUAGE_STANDARD = "gnu++20";
				CLANG_ENABLE_MODULES = YES;
				CLANG_ENABLE_OBJC_ARC = YES;
				CLANG_ENABLE_OBJC_WEAK = YES;
				CLANG_WARN_BLOCK_CAPTURE_AUTORELEASING = YES;
				CLANG_WARN_BOOL_CONVERSION = YES;
				CLANG_WARN_COMMA = YES;
				CLANG_WARN_CONSTANT_CONVERSION = YES;
				CLANG_WARN_DEPRECATED_OBJC_IMPLEMENTATIONS = YES;
				CLANG_WARN_DIRECT_OBJC_ISA_USAGE = YES_ERROR;
				CLANG_WARN_DOCUMENTATION_COMMENTS = YES;
				CLANG_WARN_EMPTY_BODY = YES;
				CLANG_WARN_ENUM_CONVERSION = YES;
				CLANG_WARN_INFINITE_RECURSION = YES;
				CLANG_WARN_INT_CONVERSION = YES;
				CLANG_WARN_NON_LITERAL_NULL_CONVERSION = YES;
				CLANG_WARN_OBJC_IMPLICIT_RETAIN_SELF = YES;
				CLANG_WARN_OBJC_LITERAL_CONVERSION = YES;
				CLANG_WARN_OBJC_ROOT_CLASS = YES_ERROR;
				CLANG_WARN_QUOTED_INCLUDE_IN_FRAMEWORK_HEADER = YES;
				CLANG_WARN_RANGE_LOOP_ANALYSIS = YES;
				CLANG_WARN_STRICT_PROTOTYPES = YES;
				CLANG_WARN_SUSPICIOUS_MOVE = YES;
				CLANG_WARN_UNGUARDED_AVAILABILITY = YES_AGGRESSIVE;
				CLANG_WARN_UNREACHABLE_CODE = YES;
				CLANG_WARN__DUPLICATE_METHOD_MATCH = YES;
				COPY_PHASE_STRIP = NO;
				DEAD_CODE_STRIPPING = YES;
				DEBUG_INFORMATION_FORMAT = "dwarf-with-dsym";
				ENABLE_NS_ASSERTIONS = NO;
				ENABLE_STRICT_OBJC_MSGSEND = YES;
				ENABLE_USER_SCRIPT_SANDBOXING = YES;
				GCC_C_LANGUAGE_STANDARD = gnu17;
				GCC_NO_COMMON_BLOCKS = YES;
				GCC_WARN_64_TO_32_BIT_CONVERSION = YES;
				GCC_WARN_ABOUT_RETURN_TYPE = YES_ERROR;
				GCC_WARN_UNDECLARED_SELECTOR = YES;
				GCC_WARN_UNINITIALIZED_AUTOS = YES_AGGRESSIVE;
				GCC_WARN_UNUSED_FUNCTION = YES;
				GCC_WARN_UNUSED_VARIABLE = YES;
				LOCALIZATION_PREFERS_STRING_CATALOGS = YES;
				MACOSX_DEPLOYMENT_TARGET = 14.4;
				MTL_ENABLE_DEBUG_INFO = NO;
				MTL_FAST_MATH = YES;
				SDKROOT = macosx;
				SWIFT_COMPILATION_MODE = wholemodule;
			};
			name = Release;
		};
		27364E242BC81C12008168B9 /* Debug */ = {
			isa = XCBuildConfiguration;
			buildSettings = {
				CODE_SIGN_STYLE = Automatic;
				DEAD_CODE_STRIPPING = YES;
				DEVELOPMENT_TEAM = S3RW48U55C;
				ENABLE_HARDENED_RUNTIME = YES;
				PRODUCT_NAME = "$(TARGET_NAME)";
				SWIFT_VERSION = 5.0;
			};
			name = Debug;
		};
		27364E252BC81C12008168B9 /* Release */ = {
			isa = XCBuildConfiguration;
			buildSettings = {
				CODE_SIGN_STYLE = Automatic;
				DEAD_CODE_STRIPPING = YES;
				DEVELOPMENT_TEAM = S3RW48U55C;
				ENABLE_HARDENED_RUNTIME = YES;
				PRODUCT_NAME = "$(TARGET_NAME)";
				SWIFT_VERSION = 5.0;
			};
			name = Release;
		};
/* End XCBuildConfiguration section */

/* Begin XCConfigurationList section */
		27364E172BC81C12008168B9 /* Build configuration list for PBXProject "basics" */ = {
			isa = XCConfigurationList;
			buildConfigurations = (
				27364E212BC81C12008168B9 /* Debug */,
				27364E222BC81C12008168B9 /* Release */,
			);
			defaultConfigurationIsVisible = 0;
			defaultConfigurationName = Release;
		};
		27364E232BC81C12008168B9 /* Build configuration list for PBXNativeTarget "basics" */ = {
			isa = XCConfigurationList;
			buildConfigurations = (
				27364E242BC81C12008168B9 /* Debug */,
				27364E252BC81C12008168B9 /* Release */,
			);
			defaultConfigurationIsVisible = 0;
			defaultConfigurationName = Release;
		};
/* End XCConfigurationList section */
	};
	rootObject = 27364E142BC81C12008168B9 /* Project object */;
}
