// !$*UTF8*$!
{
	archiveVersion = 1;
	classes = {
	};
	objectVersion = 56;
	objects = {

/* Begin PBXBuildFile section */
		274573A82BDCEEBE008C82C1 /* language.cc in Sources */ = {isa = PBXBuildFile; fileRef = 274573A72BDCEEBE008C82C1 /* language.cc */; };
		277434E22C85041300036708 /* functions.cc in Sources */ = {isa = PBXBuildFile; fileRef = 277434E02C85041300036708 /* functions.cc */; };
		279926C42BDFE4FF006869D4 /* strings.cc in Sources */ = {isa = PBXBuildFile; fileRef = 279926C32BDFE4FF006869D4 /* strings.cc */; };
		279EF7502C81DE08005D9EAF /* for_loops.cc in Sources */ = {isa = PBXBuildFile; fileRef = 279EF74F2C81DE08005D9EAF /* for_loops.cc */; };
		27A96B742C8D497400B1F1E3 /* pure_virtual_functions.cc in Sources */ = {isa = PBXBuildFile; fileRef = 27A96B732C8D497400B1F1E3 /* pure_virtual_functions.cc */; };
		27A96B772C8D498A00B1F1E3 /* deleted_functions.cc in Sources */ = {isa = PBXBuildFile; fileRef = 27A96B752C8D498A00B1F1E3 /* deleted_functions.cc */; };
		27A96B7A2C8D499B00B1F1E3 /* defaulted_functions.cc in Sources */ = {isa = PBXBuildFile; fileRef = 27A96B782C8D499B00B1F1E3 /* defaulted_functions.cc */; };
		27F2667D2C0437B700FCE90E /* null_pointers.cc in Sources */ = {isa = PBXBuildFile; fileRef = 27F2667C2C0437B700FCE90E /* null_pointers.cc */; };
/* End PBXBuildFile section */

/* Begin PBXCopyFilesBuildPhase section */
		2745739B2BDCEDE6008C82C1 /* CopyFiles */ = {
			isa = PBXCopyFilesBuildPhase;
			buildActionMask = 2147483647;
			dstPath = /usr/share/man/man1/;
			dstSubfolderSpec = 0;
			files = (
			);
			runOnlyForDeploymentPostprocessing = 1;
		};
/* End PBXCopyFilesBuildPhase section */

/* Begin PBXFileReference section */
		2745739D2BDCEDE6008C82C1 /* basics */ = {isa = PBXFileReference; explicitFileType = "compiled.mach-o.executable"; includeInIndex = 0; path = basics; sourceTree = BUILT_PRODUCTS_DIR; };
		274573A72BDCEEBE008C82C1 /* language.cc */ = {isa = PBXFileReference; fileEncoding = 4; lastKnownFileType = sourcecode.cpp.cpp; path = language.cc; sourceTree = "<group>"; };
		277434E02C85041300036708 /* functions.cc */ = {isa = PBXFileReference; fileEncoding = 4; lastKnownFileType = sourcecode.cpp.cpp; path = functions.cc; sourceTree = "<group>"; };
		277434E12C85041300036708 /* functions.hh */ = {isa = PBXFileReference; fileEncoding = 4; lastKnownFileType = sourcecode.cpp.h; path = functions.hh; sourceTree = "<group>"; };
		279926C22BDFE4F6006869D4 /* strings.hh */ = {isa = PBXFileReference; fileEncoding = 4; lastKnownFileType = sourcecode.cpp.h; path = strings.hh; sourceTree = "<group>"; };
		279926C32BDFE4FF006869D4 /* strings.cc */ = {isa = PBXFileReference; fileEncoding = 4; lastKnownFileType = sourcecode.cpp.cpp; path = strings.cc; sourceTree = "<group>"; };
		279EF74E2C81DE08005D9EAF /* for_loops.hh */ = {isa = PBXFileReference; fileEncoding = 4; lastKnownFileType = sourcecode.cpp.h; path = for_loops.hh; sourceTree = "<group>"; };
		279EF74F2C81DE08005D9EAF /* for_loops.cc */ = {isa = PBXFileReference; fileEncoding = 4; lastKnownFileType = sourcecode.cpp.cpp; path = for_loops.cc; sourceTree = "<group>"; };
		27A96B722C8D497400B1F1E3 /* pure_virtual_functions.hh */ = {isa = PBXFileReference; fileEncoding = 4; lastKnownFileType = sourcecode.cpp.h; path = pure_virtual_functions.hh; sourceTree = "<group>"; };
		27A96B732C8D497400B1F1E3 /* pure_virtual_functions.cc */ = {isa = PBXFileReference; fileEncoding = 4; lastKnownFileType = sourcecode.cpp.cpp; path = pure_virtual_functions.cc; sourceTree = "<group>"; };
		27A96B752C8D498A00B1F1E3 /* deleted_functions.cc */ = {isa = PBXFileReference; fileEncoding = 4; lastKnownFileType = sourcecode.cpp.cpp; path = deleted_functions.cc; sourceTree = "<group>"; };
		27A96B762C8D498A00B1F1E3 /* deleted_functions.hh */ = {isa = PBXFileReference; fileEncoding = 4; lastKnownFileType = sourcecode.cpp.h; path = deleted_functions.hh; sourceTree = "<group>"; };
		27A96B782C8D499B00B1F1E3 /* defaulted_functions.cc */ = {isa = PBXFileReference; fileEncoding = 4; lastKnownFileType = sourcecode.cpp.cpp; path = defaulted_functions.cc; sourceTree = "<group>"; };
		27A96B792C8D499B00B1F1E3 /* defaulted_functions.hh */ = {isa = PBXFileReference; fileEncoding = 4; lastKnownFileType = sourcecode.cpp.h; path = defaulted_functions.hh; sourceTree = "<group>"; };
		27F2667B2C0433B100FCE90E /* null_pointers.hh */ = {isa = PBXFileReference; lastKnownFileType = sourcecode.cpp.h; path = null_pointers.hh; sourceTree = "<group>"; };
		27F2667C2C0437B700FCE90E /* null_pointers.cc */ = {isa = PBXFileReference; lastKnownFileType = sourcecode.cpp.cpp; path = null_pointers.cc; sourceTree = "<group>"; };
/* End PBXFileReference section */

/* Begin PBXFrameworksBuildPhase section */
		2745739A2BDCEDE6008C82C1 /* Frameworks */ = {
			isa = PBXFrameworksBuildPhase;
			buildActionMask = 2147483647;
			files = (
			);
			runOnlyForDeploymentPostprocessing = 0;
		};
/* End PBXFrameworksBuildPhase section */

/* Begin PBXGroup section */
		274573942BDCEDE6008C82C1 = {
			isa = PBXGroup;
			children = (
				2745739F2BDCEDE6008C82C1 /* basics */,
				2745739E2BDCEDE6008C82C1 /* Products */,
			);
			sourceTree = "<group>";
		};
		2745739E2BDCEDE6008C82C1 /* Products */ = {
			isa = PBXGroup;
			children = (
				2745739D2BDCEDE6008C82C1 /* basics */,
			);
			name = Products;
			sourceTree = "<group>";
		};
		2745739F2BDCEDE6008C82C1 /* basics */ = {
			isa = PBXGroup;
			children = (
				27A96B782C8D499B00B1F1E3 /* defaulted_functions.cc */,
				27A96B792C8D499B00B1F1E3 /* defaulted_functions.hh */,
				27A96B752C8D498A00B1F1E3 /* deleted_functions.cc */,
				27A96B762C8D498A00B1F1E3 /* deleted_functions.hh */,
				27A96B732C8D497400B1F1E3 /* pure_virtual_functions.cc */,
				27A96B722C8D497400B1F1E3 /* pure_virtual_functions.hh */,
				277434E02C85041300036708 /* functions.cc */,
				277434E12C85041300036708 /* functions.hh */,
				279EF74F2C81DE08005D9EAF /* for_loops.cc */,
				279EF74E2C81DE08005D9EAF /* for_loops.hh */,
				274573A72BDCEEBE008C82C1 /* language.cc */,
				279926C22BDFE4F6006869D4 /* strings.hh */,
				279926C32BDFE4FF006869D4 /* strings.cc */,
				27F2667B2C0433B100FCE90E /* null_pointers.hh */,
				27F2667C2C0437B700FCE90E /* null_pointers.cc */,
			);
			path = basics;
			sourceTree = "<group>";
		};
/* End PBXGroup section */

/* Begin PBXNativeTarget section */
		2745739C2BDCEDE6008C82C1 /* basics */ = {
			isa = PBXNativeTarget;
			buildConfigurationList = 274573A42BDCEDE6008C82C1 /* Build configuration list for PBXNativeTarget "basics" */;
			buildPhases = (
				274573992BDCEDE6008C82C1 /* Sources */,
				2745739A2BDCEDE6008C82C1 /* Frameworks */,
				2745739B2BDCEDE6008C82C1 /* CopyFiles */,
			);
			buildRules = (
			);
			dependencies = (
			);
			name = basics;
			productName = basics;
			productReference = 2745739D2BDCEDE6008C82C1 /* basics */;
			productType = "com.apple.product-type.tool";
		};
/* End PBXNativeTarget section */

/* Begin PBXProject section */
		274573952BDCEDE6008C82C1 /* Project object */ = {
			isa = PBXProject;
			attributes = {
				BuildIndependentTargetsInParallel = 1;
				LastUpgradeCheck = 1540;
				TargetAttributes = {
					2745739C2BDCEDE6008C82C1 = {
						CreatedOnToolsVersion = 15.3;
					};
				};
			};
			buildConfigurationList = 274573982BDCEDE6008C82C1 /* Build configuration list for PBXProject "basics" */;
			compatibilityVersion = "Xcode 14.0";
			developmentRegion = en;
			hasScannedForEncodings = 0;
			knownRegions = (
				en,
				Base,
			);
			mainGroup = 274573942BDCEDE6008C82C1;
			productRefGroup = 2745739E2BDCEDE6008C82C1 /* Products */;
			projectDirPath = "";
			projectRoot = "";
			targets = (
				2745739C2BDCEDE6008C82C1 /* basics */,
			);
		};
/* End PBXProject section */

/* Begin PBXSourcesBuildPhase section */
		274573992BDCEDE6008C82C1 /* Sources */ = {
			isa = PBXSourcesBuildPhase;
			buildActionMask = 2147483647;
			files = (
				27A96B7A2C8D499B00B1F1E3 /* defaulted_functions.cc in Sources */,
				277434E22C85041300036708 /* functions.cc in Sources */,
				279926C42BDFE4FF006869D4 /* strings.cc in Sources */,
				274573A82BDCEEBE008C82C1 /* language.cc in Sources */,
				27F2667D2C0437B700FCE90E /* null_pointers.cc in Sources */,
				27A96B772C8D498A00B1F1E3 /* deleted_functions.cc in Sources */,
				279EF7502C81DE08005D9EAF /* for_loops.cc in Sources */,
				27A96B742C8D497400B1F1E3 /* pure_virtual_functions.cc in Sources */,
			);
			runOnlyForDeploymentPostprocessing = 0;
		};
/* End PBXSourcesBuildPhase section */

/* Begin XCBuildConfiguration section */
		274573A22BDCEDE6008C82C1 /* Debug */ = {
			isa = XCBuildConfiguration;
			buildSettings = {
				ALWAYS_SEARCH_USER_PATHS = NO;
				ASSETCATALOG_COMPILER_GENERATE_SWIFT_ASSET_SYMBOL_EXTENSIONS = YES;
				CLANG_ANALYZER_NONNULL = YES;
				CLANG_ANALYZER_NUMBER_OBJECT_CONVERSION = YES_AGGRESSIVE;
				CLANG_CXX_LANGUAGE_STANDARD = "gnu++20";
				CLANG_ENABLE_MODULES = YES;
				CLANG_ENABLE_OBJC_ARC = YES;
				CLANG_ENABLE_OBJC_WEAK = YES;
				CLANG_WARN_BLOCK_CAPTURE_AUTORELEASING = YES;
				CLANG_WARN_BOOL_CONVERSION = YES;
				CLANG_WARN_COMMA = YES;
				CLANG_WARN_CONSTANT_CONVERSION = YES;
				CLANG_WARN_DEPRECATED_OBJC_IMPLEMENTATIONS = YES;
				CLANG_WARN_DIRECT_OBJC_ISA_USAGE = YES_ERROR;
				CLANG_WARN_DOCUMENTATION_COMMENTS = YES;
				CLANG_WARN_EMPTY_BODY = YES;
				CLANG_WARN_ENUM_CONVERSION = YES;
				CLANG_WARN_INFINITE_RECURSION = YES;
				CLANG_WARN_INT_CONVERSION = YES;
				CLANG_WARN_NON_LITERAL_NULL_CONVERSION = YES;
				CLANG_WARN_OBJC_IMPLICIT_RETAIN_SELF = YES;
				CLANG_WARN_OBJC_LITERAL_CONVERSION = YES;
				CLANG_WARN_OBJC_ROOT_CLASS = YES_ERROR;
				CLANG_WARN_QUOTED_INCLUDE_IN_FRAMEWORK_HEADER = YES;
				CLANG_WARN_RANGE_LOOP_ANALYSIS = YES;
				CLANG_WARN_STRICT_PROTOTYPES = YES;
				CLANG_WARN_SUSPICIOUS_MOVE = YES;
				CLANG_WARN_UNGUARDED_AVAILABILITY = YES_AGGRESSIVE;
				CLANG_WARN_UNREACHABLE_CODE = YES;
				CLANG_WARN__DUPLICATE_METHOD_MATCH = YES;
				COPY_PHASE_STRIP = NO;
				DEAD_CODE_STRIPPING = YES;
				DEBUG_INFORMATION_FORMAT = dwarf;
				ENABLE_STRICT_OBJC_MSGSEND = YES;
				ENABLE_TESTABILITY = YES;
				ENABLE_USER_SCRIPT_SANDBOXING = YES;
				GCC_C_LANGUAGE_STANDARD = gnu17;
				GCC_DYNAMIC_NO_PIC = NO;
				GCC_NO_COMMON_BLOCKS = YES;
				GCC_OPTIMIZATION_LEVEL = 0;
				GCC_PREPROCESSOR_DEFINITIONS = (
					"DEBUG=1",
					"$(inherited)",
				);
				GCC_WARN_64_TO_32_BIT_CONVERSION = YES;
				GCC_WARN_ABOUT_RETURN_TYPE = YES_ERROR;
				GCC_WARN_UNDECLARED_SELECTOR = YES;
				GCC_WARN_UNINITIALIZED_AUTOS = YES_AGGRESSIVE;
				GCC_WARN_UNUSED_FUNCTION = YES;
				GCC_WARN_UNUSED_VARIABLE = YES;
				LOCALIZATION_PREFERS_STRING_CATALOGS = YES;
				MACOSX_DEPLOYMENT_TARGET = 14.4;
				MTL_ENABLE_DEBUG_INFO = INCLUDE_SOURCE;
				MTL_FAST_MATH = YES;
				ONLY_ACTIVE_ARCH = YES;
				OTHER_CPLUSPLUSFLAGS = (
					"$(OTHER_CFLAGS)",
					"-Wno-c++98-compat-pedantic",
					"-Wno-poison-system-directories",
					"-Weverything",
					"--pedantic",
					"-Wextra",
					"-Wall",
				);
				SDKROOT = macosx;
			};
			name = Debug;
		};
		274573A32BDCEDE6008C82C1 /* Release */ = {
			isa = XCBuildConfiguration;
			buildSettings = {
				ALWAYS_SEARCH_USER_PATHS = NO;
				ASSETCATALOG_COMPILER_GENERATE_SWIFT_ASSET_SYMBOL_EXTENSIONS = YES;
				CLANG_ANALYZER_NONNULL = YES;
				CLANG_ANALYZER_NUMBER_OBJECT_CONVERSION = YES_AGGRESSIVE;
				CLANG_CXX_LANGUAGE_STANDARD = "gnu++20";
				CLANG_ENABLE_MODULES = YES;
				CLANG_ENABLE_OBJC_ARC = YES;
				CLANG_ENABLE_OBJC_WEAK = YES;
				CLANG_WARN_BLOCK_CAPTURE_AUTORELEASING = YES;
				CLANG_WARN_BOOL_CONVERSION = YES;
				CLANG_WARN_COMMA = YES;
				CLANG_WARN_CONSTANT_CONVERSION = YES;
				CLANG_WARN_DEPRECATED_OBJC_IMPLEMENTATIONS = YES;
				CLANG_WARN_DIRECT_OBJC_ISA_USAGE = YES_ERROR;
				CLANG_WARN_DOCUMENTATION_COMMENTS = YES;
				CLANG_WARN_EMPTY_BODY = YES;
				CLANG_WARN_ENUM_CONVERSION = YES;
				CLANG_WARN_INFINITE_RECURSION = YES;
				CLANG_WARN_INT_CONVERSION = YES;
				CLANG_WARN_NON_LITERAL_NULL_CONVERSION = YES;
				CLANG_WARN_OBJC_IMPLICIT_RETAIN_SELF = YES;
				CLANG_WARN_OBJC_LITERAL_CONVERSION = YES;
				CLANG_WARN_OBJC_ROOT_CLASS = YES_ERROR;
				CLANG_WARN_QUOTED_INCLUDE_IN_FRAMEWORK_HEADER = YES;
				CLANG_WARN_RANGE_LOOP_ANALYSIS = YES;
				CLANG_WARN_STRICT_PROTOTYPES = YES;
				CLANG_WARN_SUSPICIOUS_MOVE = YES;
				CLANG_WARN_UNGUARDED_AVAILABILITY = YES_AGGRESSIVE;
				CLANG_WARN_UNREACHABLE_CODE = YES;
				CLANG_WARN__DUPLICATE_METHOD_MATCH = YES;
				COPY_PHASE_STRIP = NO;
				DEAD_CODE_STRIPPING = YES;
				DEBUG_INFORMATION_FORMAT = "dwarf-with-dsym";
				ENABLE_NS_ASSERTIONS = NO;
				ENABLE_STRICT_OBJC_MSGSEND = YES;
				ENABLE_USER_SCRIPT_SANDBOXING = YES;
				GCC_C_LANGUAGE_STANDARD = gnu17;
				GCC_NO_COMMON_BLOCKS = YES;
				GCC_WARN_64_TO_32_BIT_CONVERSION = YES;
				GCC_WARN_ABOUT_RETURN_TYPE = YES_ERROR;
				GCC_WARN_UNDECLARED_SELECTOR = YES;
				GCC_WARN_UNINITIALIZED_AUTOS = YES_AGGRESSIVE;
				GCC_WARN_UNUSED_FUNCTION = YES;
				GCC_WARN_UNUSED_VARIABLE = YES;
				LOCALIZATION_PREFERS_STRING_CATALOGS = YES;
				MACOSX_DEPLOYMENT_TARGET = 14.4;
				MTL_ENABLE_DEBUG_INFO = NO;
				MTL_FAST_MATH = YES;
				OTHER_CPLUSPLUSFLAGS = (
					"$(OTHER_CFLAGS)",
					"-Wno-c++98-compat-pedantic",
					"-Wno-poison-system-directories",
					"-Weverything",
					"--pedantic",
					"-Wextra",
					"-Wall",
				);
				SDKROOT = macosx;
			};
			name = Release;
		};
		274573A52BDCEDE6008C82C1 /* Debug */ = {
			isa = XCBuildConfiguration;
			buildSettings = {
				CLANG_CXX_LANGUAGE_STANDARD = "c++20";
				CODE_SIGN_STYLE = Automatic;
				DEAD_CODE_STRIPPING = YES;
				DEVELOPMENT_TEAM = S3RW48U55C;
				ENABLE_HARDENED_RUNTIME = YES;
				HEADER_SEARCH_PATHS = .;
				PRODUCT_NAME = "$(TARGET_NAME)";
			};
			name = Debug;
		};
		274573A62BDCEDE6008C82C1 /* Release */ = {
			isa = XCBuildConfiguration;
			buildSettings = {
				CLANG_CXX_LANGUAGE_STANDARD = "c++20";
				CODE_SIGN_STYLE = Automatic;
				DEAD_CODE_STRIPPING = YES;
				DEVELOPMENT_TEAM = S3RW48U55C;
				ENABLE_HARDENED_RUNTIME = YES;
				HEADER_SEARCH_PATHS = .;
				PRODUCT_NAME = "$(TARGET_NAME)";
			};
			name = Release;
		};
/* End XCBuildConfiguration section */

/* Begin XCConfigurationList section */
		274573982BDCEDE6008C82C1 /* Build configuration list for PBXProject "basics" */ = {
			isa = XCConfigurationList;
			buildConfigurations = (
				274573A22BDCEDE6008C82C1 /* Debug */,
				274573A32BDCEDE6008C82C1 /* Release */,
			);
			defaultConfigurationIsVisible = 0;
			defaultConfigurationName = Release;
		};
		274573A42BDCEDE6008C82C1 /* Build configuration list for PBXNativeTarget "basics" */ = {
			isa = XCConfigurationList;
			buildConfigurations = (
				274573A52BDCEDE6008C82C1 /* Debug */,
				274573A62BDCEDE6008C82C1 /* Release */,
			);
			defaultConfigurationIsVisible = 0;
			defaultConfigurationName = Release;
		};
/* End XCConfigurationList section */
	};
	rootObject = 274573952BDCEDE6008C82C1 /* Project object */;
}
